
Microsoft Visual Studio Solution File, Format Version 12.00
# Visual Studio Version 16
VisualStudioVersion = 16.0.30204.135
MinimumVisualStudioVersion = 10.0.40219.1
Project("{9A19103F-16F7-4668-BE54-9A1E7A4F7556}") = "CityOfSpringfield.Web", "CityOfSpringfield\CityOfSpringfield.Web.csproj", "{78A5F740-58C6-45F2-BA27-C151941A062F}"
EndProject
Project("{FAE04EC0-301F-11D3-BF4B-00C04F79EFBC}") = "CityOfSpringfield.Data", "CityOfSpringfield.Data\CityOfSpringfield.Data.csproj", "{52D882DE-8C24-4E87-ABA9-E00697BAE49F}"
EndProject
Global
	GlobalSection(SolutionConfigurationPlatforms) = preSolution
		Debug|Any CPU = Debug|Any CPU
		Release|Any CPU = Release|Any CPU
	EndGlobalSection
	GlobalSection(ProjectConfigurationPlatforms) = postSolution
		{78A5F740-58C6-45F2-BA27-C151941A062F}.Debug|Any CPU.ActiveCfg = Debug|Any CPU
		{78A5F740-58C6-45F2-BA27-C151941A062F}.Debug|Any CPU.Build.0 = Debug|Any CPU
		{78A5F740-58C6-45F2-BA27-C151941A062F}.Release|Any CPU.ActiveCfg = Release|Any CPU
		{78A5F740-58C6-45F2-BA27-C151941A062F}.Release|Any CPU.Build.0 = Release|Any CPU
		{52D882DE-8C24-4E87-ABA9-E00697BAE49F}.Debug|Any CPU.ActiveCfg = Debug|Any CPU
		{52D882DE-8C24-4E87-ABA9-E00697BAE49F}.Debug|Any CPU.Build.0 = Debug|Any CPU
		{52D882DE-8C24-4E87-ABA9-E00697BAE49F}.Release|Any CPU.ActiveCfg = Release|Any CPU
		{52D882DE-8C24-4E87-ABA9-E00697BAE49F}.Release|Any CPU.Build.0 = Release|Any CPU
	EndGlobalSection
	GlobalSection(SolutionProperties) = preSolution
		HideSolutionNode = FALSE
	EndGlobalSection
	GlobalSection(ExtensibilityGlobals) = postSolution
		SolutionGuid = {5AE7BB6F-0B16-4C9E-878E-CEBDC1DA3CD7}
	EndGlobalSection
EndGlobal
